
Microsoft Visual Studio Solution File, Format Version 12.00
# Visual Studio Version 17
VisualStudioVersion = 17.0.31903.59
MinimumVisualStudioVersion = 10.0.40219.1
Project("{9A19103F-16F7-4668-BE54-9A1E7A4F7556}") = "BlazorCms", "BlazorCms\BlazorCms.csproj", "{EF08F49D-0881-4D5A-BE6D-D7658F70F936}"
EndProject
Project("{9A19103F-16F7-4668-BE54-9A1E7A4F7556}") = "OcBlazorSampleLib", "OcBlazorSampleLib\OcBlazorSampleLib.csproj", "{450515BD-169D-4726-A82E-F993E7C048A3}"
EndProject
Project("{FAE04EC0-301F-11D3-BF4B-00C04F79EFBC}") = "MultiTenantBaseUrlProvider", "MultiTenantBaseUrlProvider\MultiTenantBaseUrlProvider.csproj", "{BF881592-0845-43DB-BDF4-536797C36A36}"
EndProject
Global
	GlobalSection(SolutionConfigurationPlatforms) = preSolution
		Debug|Any CPU = Debug|Any CPU
		Release|Any CPU = Release|Any CPU
	EndGlobalSection
	GlobalSection(ProjectConfigurationPlatforms) = postSolution
		{EF08F49D-0881-4D5A-BE6D-D7658F70F936}.Debug|Any CPU.ActiveCfg = Debug|Any CPU
		{EF08F49D-0881-4D5A-BE6D-D7658F70F936}.Debug|Any CPU.Build.0 = Debug|Any CPU
		{EF08F49D-0881-4D5A-BE6D-D7658F70F936}.Release|Any CPU.ActiveCfg = Release|Any CPU
		{EF08F49D-0881-4D5A-BE6D-D7658F70F936}.Release|Any CPU.Build.0 = Release|Any CPU
		{450515BD-169D-4726-A82E-F993E7C048A3}.Debug|Any CPU.ActiveCfg = Debug|Any CPU
		{450515BD-169D-4726-A82E-F993E7C048A3}.Debug|Any CPU.Build.0 = Debug|Any CPU
		{450515BD-169D-4726-A82E-F993E7C048A3}.Release|Any CPU.ActiveCfg = Release|Any CPU
		{450515BD-169D-4726-A82E-F993E7C048A3}.Release|Any CPU.Build.0 = Release|Any CPU
		{BF881592-0845-43DB-BDF4-536797C36A36}.Debug|Any CPU.ActiveCfg = Debug|Any CPU
		{BF881592-0845-43DB-BDF4-536797C36A36}.Debug|Any CPU.Build.0 = Debug|Any CPU
		{BF881592-0845-43DB-BDF4-536797C36A36}.Release|Any CPU.ActiveCfg = Release|Any CPU
		{BF881592-0845-43DB-BDF4-536797C36A36}.Release|Any CPU.Build.0 = Release|Any CPU
	EndGlobalSection
	GlobalSection(SolutionProperties) = preSolution
		HideSolutionNode = FALSE
	EndGlobalSection
	GlobalSection(ExtensibilityGlobals) = postSolution
		SolutionGuid = {46C5D02B-4482-4558-9855-3DE08A4A3468}
	EndGlobalSection
EndGlobal
